
Microsoft Visual Studio Solution File, Format Version 12.00
# Visual Studio Version 17
VisualStudioVersion = 17.9.34728.123
MinimumVisualStudioVersion = 10.0.40219.1
Project("{FAE04EC0-301F-11D3-BF4B-00C04F79EFBC}") = "baitapbuoi14", "baitapbuoi14\baitapbuoi14.csproj", "{CF46A696-6CB4-472C-93C2-E5ABC248A7F4}"
EndProject
Project("{FAE04EC0-301F-11D3-BF4B-00C04F79EFBC}") = "DataAccess", "DataAccess\DataAccess.csproj", "{2D6C870C-9DAC-4CDB-8455-C587A9A408EA}"
EndProject
Project("{FAE04EC0-301F-11D3-BF4B-00C04F79EFBC}") = "Commonlib", "Commonlib\Commonlib.csproj", "{88C7B337-D9B6-4FF8-87C6-AD593D4DAC07}"
EndProject
Global
	GlobalSection(SolutionConfigurationPlatforms) = preSolution
		Debug|Any CPU = Debug|Any CPU
		Release|Any CPU = Release|Any CPU
	EndGlobalSection
	GlobalSection(ProjectConfigurationPlatforms) = postSolution
		{CF46A696-6CB4-472C-93C2-E5ABC248A7F4}.Debug|Any CPU.ActiveCfg = Debug|Any CPU
		{CF46A696-6CB4-472C-93C2-E5ABC248A7F4}.Debug|Any CPU.Build.0 = Debug|Any CPU
		{CF46A696-6CB4-472C-93C2-E5ABC248A7F4}.Release|Any CPU.ActiveCfg = Release|Any CPU
		{CF46A696-6CB4-472C-93C2-E5ABC248A7F4}.Release|Any CPU.Build.0 = Release|Any CPU
		{2D6C870C-9DAC-4CDB-8455-C587A9A408EA}.Debug|Any CPU.ActiveCfg = Debug|Any CPU
		{2D6C870C-9DAC-4CDB-8455-C587A9A408EA}.Debug|Any CPU.Build.0 = Debug|Any CPU
		{2D6C870C-9DAC-4CDB-8455-C587A9A408EA}.Release|Any CPU.ActiveCfg = Release|Any CPU
		{2D6C870C-9DAC-4CDB-8455-C587A9A408EA}.Release|Any CPU.Build.0 = Release|Any CPU
		{88C7B337-D9B6-4FF8-87C6-AD593D4DAC07}.Debug|Any CPU.ActiveCfg = Debug|Any CPU
		{88C7B337-D9B6-4FF8-87C6-AD593D4DAC07}.Debug|Any CPU.Build.0 = Debug|Any CPU
		{88C7B337-D9B6-4FF8-87C6-AD593D4DAC07}.Release|Any CPU.ActiveCfg = Release|Any CPU
		{88C7B337-D9B6-4FF8-87C6-AD593D4DAC07}.Release|Any CPU.Build.0 = Release|Any CPU
	EndGlobalSection
	GlobalSection(SolutionProperties) = preSolution
		HideSolutionNode = FALSE
	EndGlobalSection
	GlobalSection(ExtensibilityGlobals) = postSolution
		SolutionGuid = {B22BF19B-CA4C-4D5A-9354-42B8613EFC83}
	EndGlobalSection
EndGlobal
